
Microsoft Visual Studio Solution File, Format Version 12.00
# Visual Studio Version 17
VisualStudioVersion = 17.5.002.0
MinimumVisualStudioVersion = 10.0.40219.1
Project("{9A19103F-16F7-4668-BE54-9A1E7A4F7556}") = "EFGetStarted", "EFGetStarted.csproj", "{D5F5D0D8-7FB5-4CF2-867A-6C9F495EBE95}"
EndProject
Global
	GlobalSection(SolutionConfigurationPlatforms) = preSolution
		Debug|Any CPU = Debug|Any CPU
		Release|Any CPU = Release|Any CPU
	EndGlobalSection
	GlobalSection(ProjectConfigurationPlatforms) = postSolution
		{D5F5D0D8-7FB5-4CF2-867A-6C9F495EBE95}.Debug|Any CPU.ActiveCfg = Debug|Any CPU
		{D5F5D0D8-7FB5-4CF2-867A-6C9F495EBE95}.Debug|Any CPU.Build.0 = Debug|Any CPU
		{D5F5D0D8-7FB5-4CF2-867A-6C9F495EBE95}.Release|Any CPU.ActiveCfg = Release|Any CPU
		{D5F5D0D8-7FB5-4CF2-867A-6C9F495EBE95}.Release|Any CPU.Build.0 = Release|Any CPU
	EndGlobalSection
	GlobalSection(SolutionProperties) = preSolution
		HideSolutionNode = FALSE
	EndGlobalSection
	GlobalSection(ExtensibilityGlobals) = postSolution
		SolutionGuid = {1EEAD077-D7C4-4D31-9942-76B280858DFE}
	EndGlobalSection
EndGlobal
